// !$*UTF8*$!
{
	archiveVersion = 1;
	classes = {
	};
	objectVersion = 52;
	objects = {

/* Begin PBXBuildFile section */
		058557BB273AAA24004C7B11 /* Assets.xcassets in Resources */ = {isa = PBXBuildFile; fileRef = 058557BA273AAA24004C7B11 /* Assets.xcassets */; };
		058557D9273AAEEB004C7B11 /* Preview Assets.xcassets in Resources */ = {isa = PBXBuildFile; fileRef = 058557D8273AAEEB004C7B11 /* Preview Assets.xcassets */; };
		2152FB042600AC8F00CF470E /* iOSApp.swift in Sources */ = {isa = PBXBuildFile; fileRef = 2152FB032600AC8F00CF470E /* iOSApp.swift */; };
		7555FF83242A565900829871 /* ContentView.swift in Sources */ = {isa = PBXBuildFile; fileRef = 7555FF82242A565900829871 /* ContentView.swift */; };
		97938403D6D336375F950A15 /* Pods_iosApp.framework in Frameworks */ = {isa = PBXBuildFile; fileRef = 17C0F794CA2046006F879E89 /* Pods_iosApp.framework */; };
		9D1D2ECD29781323003A491E /* GameSceneAnnouncementTests.swift in Sources */ = {isa = PBXBuildFile; fileRef = 9D1D2ECC29781323003A491E /* GameSceneAnnouncementTests.swift */; };
		9D1D2ECF29781453003A491E /* GameSceneAnnouncement.swift in Sources */ = {isa = PBXBuildFile; fileRef = 9D1D2ECE29781453003A491E /* GameSceneAnnouncement.swift */; };
		9D3C4B0229E19DA000D365BA /* StatsGuessDistributionRowTests.swift in Sources */ = {isa = PBXBuildFile; fileRef = 9D3C4B0129E19DA000D365BA /* StatsGuessDistributionRowTests.swift */; };
		9D3C4B0729E19E8400D365BA /* StatsGuessDistribution.swift in Sources */ = {isa = PBXBuildFile; fileRef = 9D3C4B0629E19E8400D365BA /* StatsGuessDistribution.swift */; };
		9D3C4B0929E1CECB00D365BA /* StatsGuessDistributionTests.swift in Sources */ = {isa = PBXBuildFile; fileRef = 9D3C4B0829E1CECB00D365BA /* StatsGuessDistributionTests.swift */; };
		9D3C4B0B29E1DE0200D365BA /* StatsModalContentStatTests.swift in Sources */ = {isa = PBXBuildFile; fileRef = 9D3C4B0A29E1DE0200D365BA /* StatsModalContentStatTests.swift */; };
		9D3C4B0D29E1DFD800D365BA /* StatsModalContent.swift in Sources */ = {isa = PBXBuildFile; fileRef = 9D3C4B0C29E1DFD800D365BA /* StatsModalContent.swift */; };
		9D3C4B0F29E1EA4800D365BA /* StatsModalContentTests.swift in Sources */ = {isa = PBXBuildFile; fileRef = 9D3C4B0E29E1EA4800D365BA /* StatsModalContentTests.swift */; };
		9D3C4B1229E30FA000D365BA /* SceneNavigationHandlerTests.swift in Sources */ = {isa = PBXBuildFile; fileRef = 9D3C4B1129E30FA000D365BA /* SceneNavigationHandlerTests.swift */; };
		9D3C4B1529E30FBE00D365BA /* AppNavigationHandlerCommonMock.swift in Sources */ = {isa = PBXBuildFile; fileRef = 9D3C4B1429E30FBE00D365BA /* AppNavigationHandlerCommonMock.swift */; };
		9D3C4B1829E3137100D365BA /* SceneNavigationHandler.swift in Sources */ = {isa = PBXBuildFile; fileRef = 9D3C4B1729E3137100D365BA /* SceneNavigationHandler.swift */; };
		9D3C4B1B29E3191700D365BA /* AppModalViewHandlerTests.swift in Sources */ = {isa = PBXBuildFile; fileRef = 9D3C4B1A29E3191700D365BA /* AppModalViewHandlerTests.swift */; };
		9D3C4B1E29E3193600D365BA /* AppModalCommonMock.swift in Sources */ = {isa = PBXBuildFile; fileRef = 9D3C4B1D29E3193600D365BA /* AppModalCommonMock.swift */; };
		9D3C4B2129E31E9B00D365BA /* AppModalViewHandler.swift in Sources */ = {isa = PBXBuildFile; fileRef = 9D3C4B2029E31E9B00D365BA /* AppModalViewHandler.swift */; };
		9D3DBD49296F9A0A00FA8FDE /* GameSceneHandlerTests.swift in Sources */ = {isa = PBXBuildFile; fileRef = 9D3DBD48296F9A0A00FA8FDE /* GameSceneHandlerTests.swift */; };
		9D3DBD4B296F9B2400FA8FDE /* GameSceneHandler.swift in Sources */ = {isa = PBXBuildFile; fileRef = 9D3DBD4A296F9B2400FA8FDE /* GameSceneHandler.swift */; };
		9D40BB4B29FFFAC100312E41 /* AppSheetViewHandler.swift in Sources */ = {isa = PBXBuildFile; fileRef = 9D40BB4A29FFFAC100312E41 /* AppSheetViewHandler.swift */; };
		9D40BB4E29FFFC8700312E41 /* AppSheetViewHandlerTests.swift in Sources */ = {isa = PBXBuildFile; fileRef = 9D40BB4D29FFFC8700312E41 /* AppSheetViewHandlerTests.swift */; };
		9D40BB5129FFFCF600312E41 /* AppSheetCommonMock.swift in Sources */ = {isa = PBXBuildFile; fileRef = 9D40BB5029FFFCF600312E41 /* AppSheetCommonMock.swift */; };
		9D64C1732974613E00305AF7 /* GameSceneKeyboardTests.swift in Sources */ = {isa = PBXBuildFile; fileRef = 9D64C1722974613E00305AF7 /* GameSceneKeyboardTests.swift */; };
		9D64C1772974688B00305AF7 /* GameSceneKeyboard.swift in Sources */ = {isa = PBXBuildFile; fileRef = 9D64C1762974688B00305AF7 /* GameSceneKeyboard.swift */; };
		9D756F8F29703B35005C7705 /* Roboto-Black.ttf in Resources */ = {isa = PBXBuildFile; fileRef = 9D3DBD41296F98D100FA8FDE /* Roboto-Black.ttf */; };
		9D756F9029703B3A005C7705 /* Roboto-BlackItalic.ttf in Resources */ = {isa = PBXBuildFile; fileRef = 9D3DBD43296F98D100FA8FDE /* Roboto-BlackItalic.ttf */; };
		9D756F9129703B3E005C7705 /* Roboto-BoldItalic.ttf in Resources */ = {isa = PBXBuildFile; fileRef = 9D3DBD47296F98D100FA8FDE /* Roboto-BoldItalic.ttf */; };
		9D756F9229703B3E005C7705 /* Roboto-Light.ttf in Resources */ = {isa = PBXBuildFile; fileRef = 9D3DBD3F296F98D100FA8FDE /* Roboto-Light.ttf */; };
		9D756F9329703B3E005C7705 /* Roboto-Thin.ttf in Resources */ = {isa = PBXBuildFile; fileRef = 9D3DBD46296F98D100FA8FDE /* Roboto-Thin.ttf */; };
		9D756F9429703B3E005C7705 /* Roboto-Regular.ttf in Resources */ = {isa = PBXBuildFile; fileRef = 9D3DBD40296F98D100FA8FDE /* Roboto-Regular.ttf */; };
		9D756F9529703B3E005C7705 /* Roboto-MediumItalic.ttf in Resources */ = {isa = PBXBuildFile; fileRef = 9D3DBD3D296F98D100FA8FDE /* Roboto-MediumItalic.ttf */; };
		9D756F9629703B3E005C7705 /* Roboto-ThinItalic.ttf in Resources */ = {isa = PBXBuildFile; fileRef = 9D3DBD3E296F98D100FA8FDE /* Roboto-ThinItalic.ttf */; };
		9D756F9729703B3E005C7705 /* Roboto-Bold.ttf in Resources */ = {isa = PBXBuildFile; fileRef = 9D3DBD44296F98D100FA8FDE /* Roboto-Bold.ttf */; };
		9D756F9829703B3E005C7705 /* Roboto-Italic.ttf in Resources */ = {isa = PBXBuildFile; fileRef = 9D3DBD42296F98D100FA8FDE /* Roboto-Italic.ttf */; };
		9D756F9929703B3E005C7705 /* Roboto-LightItalic.ttf in Resources */ = {isa = PBXBuildFile; fileRef = 9D3DBD45296F98D100FA8FDE /* Roboto-LightItalic.ttf */; };
		9D756F9A29703B3E005C7705 /* Roboto-Medium.ttf in Resources */ = {isa = PBXBuildFile; fileRef = 9D3DBD3C296F98D100FA8FDE /* Roboto-Medium.ttf */; };
		9D756F9C297043EB005C7705 /* GameSceneBoardTests.swift in Sources */ = {isa = PBXBuildFile; fileRef = 9D756F9B297043EB005C7705 /* GameSceneBoardTests.swift */; };
		9D756F9E2970460A005C7705 /* GameSceneBoard.swift in Sources */ = {isa = PBXBuildFile; fileRef = 9D756F9D2970460A005C7705 /* GameSceneBoard.swift */; };
		9D8C9C292969BE0600761DA2 /* SwiftUIRouter in Frameworks */ = {isa = PBXBuildFile; productRef = 9D8C9C282969BE0600761DA2 /* SwiftUIRouter */; };
		9D8C9C2E2969C15000761DA2 /* GameScene.swift in Sources */ = {isa = PBXBuildFile; fileRef = 9D8C9C2D2969C15000761DA2 /* GameScene.swift */; };
		9D8C9C382969C42200761DA2 /* ViewInspector in Frameworks */ = {isa = PBXBuildFile; productRef = 9D8C9C372969C42200761DA2 /* ViewInspector */; };
		9D8C9C3C2969C46C00761DA2 /* GameSceneTests.swift in Sources */ = {isa = PBXBuildFile; fileRef = 9D8C9C3B2969C46C00761DA2 /* GameSceneTests.swift */; };
		9DB88BE42A029F76008B4870 /* HelpSheetContentTileTests.swift in Sources */ = {isa = PBXBuildFile; fileRef = 9DB88BE32A029F76008B4870 /* HelpSheetContentTileTests.swift */; };
		9DB88BE92A02A061008B4870 /* HelpSheetContent.swift in Sources */ = {isa = PBXBuildFile; fileRef = 9DB88BE82A02A061008B4870 /* HelpSheetContent.swift */; };
		9DC3B686296C352300D90945 /* Sizer.swift in Sources */ = {isa = PBXBuildFile; fileRef = 9DC3B685296C352300D90945 /* Sizer.swift */; };
		9DC3B68B296C370200D90945 /* AppDelegate.swift in Sources */ = {isa = PBXBuildFile; fileRef = 9DC3B68A296C370200D90945 /* AppDelegate.swift */; };
		9DC3B691296C384B00D90945 /* SceneDimensionsTests.swift in Sources */ = {isa = PBXBuildFile; fileRef = 9DC3B690296C384B00D90945 /* SceneDimensionsTests.swift */; };
		9DC3B693296C393400D90945 /* SceneDimensions.swift in Sources */ = {isa = PBXBuildFile; fileRef = 9DC3B692296C393400D90945 /* SceneDimensions.swift */; };
		9DC3B696296C3BBD00D90945 /* XCTestCase+SceneDimensions.swift in Sources */ = {isa = PBXBuildFile; fileRef = 9DC3B695296C3BBD00D90945 /* XCTestCase+SceneDimensions.swift */; };
		9DC3B69A296C425400D90945 /* ContentViewTests.swift in Sources */ = {isa = PBXBuildFile; fileRef = 9DC3B699296C425400D90945 /* ContentViewTests.swift */; };
		9DC3B69D296C506000D90945 /* Color+UI.swift in Sources */ = {isa = PBXBuildFile; fileRef = 9DC3B69C296C506000D90945 /* Color+UI.swift */; };
		9DC3B6A0296C52C600D90945 /* ColorTests.swift in Sources */ = {isa = PBXBuildFile; fileRef = 9DC3B69F296C52C600D90945 /* ColorTests.swift */; };
		9DC3B6A2296C545300D90945 /* UIColor+RGBA.swift in Sources */ = {isa = PBXBuildFile; fileRef = 9DC3B6A1296C545300D90945 /* UIColor+RGBA.swift */; };
		9DC3B6A6296C558300D90945 /* GameSceneHeaderTests.swift in Sources */ = {isa = PBXBuildFile; fileRef = 9DC3B6A5296C558300D90945 /* GameSceneHeaderTests.swift */; };
		9DC3B6A8296C565600D90945 /* GameSceneHeader.swift in Sources */ = {isa = PBXBuildFile; fileRef = 9DC3B6A7296C565600D90945 /* GameSceneHeader.swift */; };
		9DC3B6AC296C59F400D90945 /* View+Frame.swift in Sources */ = {isa = PBXBuildFile; fileRef = 9DC3B6AB296C59F400D90945 /* View+Frame.swift */; };
		9DFC19552A05351400C9D5DD /* CoreTile.swift in Sources */ = {isa = PBXBuildFile; fileRef = 9DFC19542A05351400C9D5DD /* CoreTile.swift */; };
/* End PBXBuildFile section */

/* Begin PBXContainerItemProxy section */
		9D6098582948B75C00F2D7C9 /* PBXContainerItemProxy */ = {
			isa = PBXContainerItemProxy;
			containerPortal = 7555FF73242A565900829871 /* Project object */;
			proxyType = 1;
			remoteGlobalIDString = 7555FF7A242A565900829871;
			remoteInfo = iosApp;
		};
/* End PBXContainerItemProxy section */

/* Begin PBXFileReference section */
		058557BA273AAA24004C7B11 /* Assets.xcassets */ = {isa = PBXFileReference; lastKnownFileType = folder.assetcatalog; path = Assets.xcassets; sourceTree = "<group>"; };
		058557D8273AAEEB004C7B11 /* Preview Assets.xcassets */ = {isa = PBXFileReference; lastKnownFileType = folder.assetcatalog; path = "Preview Assets.xcassets"; sourceTree = "<group>"; };
		17C0F794CA2046006F879E89 /* Pods_iosApp.framework */ = {isa = PBXFileReference; explicitFileType = wrapper.framework; includeInIndex = 0; path = Pods_iosApp.framework; sourceTree = BUILT_PRODUCTS_DIR; };
		2152FB032600AC8F00CF470E /* iOSApp.swift */ = {isa = PBXFileReference; lastKnownFileType = sourcecode.swift; path = iOSApp.swift; sourceTree = "<group>"; };
		67C5921881F0D734189BA57F /* Pods-iosApp.release.xcconfig */ = {isa = PBXFileReference; includeInIndex = 1; lastKnownFileType = text.xcconfig; name = "Pods-iosApp.release.xcconfig"; path = "Target Support Files/Pods-iosApp/Pods-iosApp.release.xcconfig"; sourceTree = "<group>"; };
		7555FF7B242A565900829871 /* iosApp.app */ = {isa = PBXFileReference; explicitFileType = wrapper.application; includeInIndex = 0; path = iosApp.app; sourceTree = BUILT_PRODUCTS_DIR; };
		7555FF82242A565900829871 /* ContentView.swift */ = {isa = PBXFileReference; lastKnownFileType = sourcecode.swift; path = ContentView.swift; sourceTree = "<group>"; };
		7555FF8C242A565B00829871 /* Info.plist */ = {isa = PBXFileReference; lastKnownFileType = text.plist.xml; path = Info.plist; sourceTree = "<group>"; };
		9903C30BBA4B2B467814F334 /* Pods-iosApp.debug.xcconfig */ = {isa = PBXFileReference; includeInIndex = 1; lastKnownFileType = text.xcconfig; name = "Pods-iosApp.debug.xcconfig"; path = "Target Support Files/Pods-iosApp/Pods-iosApp.debug.xcconfig"; sourceTree = "<group>"; };
		9D1D2ECC29781323003A491E /* GameSceneAnnouncementTests.swift */ = {isa = PBXFileReference; lastKnownFileType = sourcecode.swift; path = GameSceneAnnouncementTests.swift; sourceTree = "<group>"; };
		9D1D2ECE29781453003A491E /* GameSceneAnnouncement.swift */ = {isa = PBXFileReference; lastKnownFileType = sourcecode.swift; path = GameSceneAnnouncement.swift; sourceTree = "<group>"; };
		9D3C4B0129E19DA000D365BA /* StatsGuessDistributionRowTests.swift */ = {isa = PBXFileReference; lastKnownFileType = sourcecode.swift; path = StatsGuessDistributionRowTests.swift; sourceTree = "<group>"; };
		9D3C4B0629E19E8400D365BA /* StatsGuessDistribution.swift */ = {isa = PBXFileReference; lastKnownFileType = sourcecode.swift; path = StatsGuessDistribution.swift; sourceTree = "<group>"; };
		9D3C4B0829E1CECB00D365BA /* StatsGuessDistributionTests.swift */ = {isa = PBXFileReference; lastKnownFileType = sourcecode.swift; path = StatsGuessDistributionTests.swift; sourceTree = "<group>"; };
		9D3C4B0A29E1DE0200D365BA /* StatsModalContentStatTests.swift */ = {isa = PBXFileReference; lastKnownFileType = sourcecode.swift; path = StatsModalContentStatTests.swift; sourceTree = "<group>"; };
		9D3C4B0C29E1DFD800D365BA /* StatsModalContent.swift */ = {isa = PBXFileReference; lastKnownFileType = sourcecode.swift; path = StatsModalContent.swift; sourceTree = "<group>"; };
		9D3C4B0E29E1EA4800D365BA /* StatsModalContentTests.swift */ = {isa = PBXFileReference; lastKnownFileType = sourcecode.swift; path = StatsModalContentTests.swift; sourceTree = "<group>"; };
		9D3C4B1129E30FA000D365BA /* SceneNavigationHandlerTests.swift */ = {isa = PBXFileReference; lastKnownFileType = sourcecode.swift; path = SceneNavigationHandlerTests.swift; sourceTree = "<group>"; };
		9D3C4B1429E30FBE00D365BA /* AppNavigationHandlerCommonMock.swift */ = {isa = PBXFileReference; lastKnownFileType = sourcecode.swift; path = AppNavigationHandlerCommonMock.swift; sourceTree = "<group>"; };
		9D3C4B1729E3137100D365BA /* SceneNavigationHandler.swift */ = {isa = PBXFileReference; lastKnownFileType = sourcecode.swift; path = SceneNavigationHandler.swift; sourceTree = "<group>"; };
		9D3C4B1A29E3191700D365BA /* AppModalViewHandlerTests.swift */ = {isa = PBXFileReference; lastKnownFileType = sourcecode.swift; path = AppModalViewHandlerTests.swift; sourceTree = "<group>"; };
		9D3C4B1D29E3193600D365BA /* AppModalCommonMock.swift */ = {isa = PBXFileReference; lastKnownFileType = sourcecode.swift; path = AppModalCommonMock.swift; sourceTree = "<group>"; };
		9D3C4B2029E31E9B00D365BA /* AppModalViewHandler.swift */ = {isa = PBXFileReference; lastKnownFileType = sourcecode.swift; path = AppModalViewHandler.swift; sourceTree = "<group>"; };
		9D3DBD3C296F98D100FA8FDE /* Roboto-Medium.ttf */ = {isa = PBXFileReference; lastKnownFileType = file; path = "Roboto-Medium.ttf"; sourceTree = "<group>"; };
		9D3DBD3D296F98D100FA8FDE /* Roboto-MediumItalic.ttf */ = {isa = PBXFileReference; lastKnownFileType = file; path = "Roboto-MediumItalic.ttf"; sourceTree = "<group>"; };
		9D3DBD3E296F98D100FA8FDE /* Roboto-ThinItalic.ttf */ = {isa = PBXFileReference; lastKnownFileType = file; path = "Roboto-ThinItalic.ttf"; sourceTree = "<group>"; };
		9D3DBD3F296F98D100FA8FDE /* Roboto-Light.ttf */ = {isa = PBXFileReference; lastKnownFileType = file; path = "Roboto-Light.ttf"; sourceTree = "<group>"; };
		9D3DBD40296F98D100FA8FDE /* Roboto-Regular.ttf */ = {isa = PBXFileReference; lastKnownFileType = file; path = "Roboto-Regular.ttf"; sourceTree = "<group>"; };
		9D3DBD41296F98D100FA8FDE /* Roboto-Black.ttf */ = {isa = PBXFileReference; lastKnownFileType = file; path = "Roboto-Black.ttf"; sourceTree = "<group>"; };
		9D3DBD42296F98D100FA8FDE /* Roboto-Italic.ttf */ = {isa = PBXFileReference; lastKnownFileType = file; path = "Roboto-Italic.ttf"; sourceTree = "<group>"; };
		9D3DBD43296F98D100FA8FDE /* Roboto-BlackItalic.ttf */ = {isa = PBXFileReference; lastKnownFileType = file; path = "Roboto-BlackItalic.ttf"; sourceTree = "<group>"; };
		9D3DBD44296F98D100FA8FDE /* Roboto-Bold.ttf */ = {isa = PBXFileReference; lastKnownFileType = file; path = "Roboto-Bold.ttf"; sourceTree = "<group>"; };
		9D3DBD45296F98D100FA8FDE /* Roboto-LightItalic.ttf */ = {isa = PBXFileReference; lastKnownFileType = file; path = "Roboto-LightItalic.ttf"; sourceTree = "<group>"; };
		9D3DBD46296F98D100FA8FDE /* Roboto-Thin.ttf */ = {isa = PBXFileReference; lastKnownFileType = file; path = "Roboto-Thin.ttf"; sourceTree = "<group>"; };
		9D3DBD47296F98D100FA8FDE /* Roboto-BoldItalic.ttf */ = {isa = PBXFileReference; lastKnownFileType = file; path = "Roboto-BoldItalic.ttf"; sourceTree = "<group>"; };
		9D3DBD48296F9A0A00FA8FDE /* GameSceneHandlerTests.swift */ = {isa = PBXFileReference; lastKnownFileType = sourcecode.swift; path = GameSceneHandlerTests.swift; sourceTree = "<group>"; };
		9D3DBD4A296F9B2400FA8FDE /* GameSceneHandler.swift */ = {isa = PBXFileReference; lastKnownFileType = sourcecode.swift; path = GameSceneHandler.swift; sourceTree = "<group>"; };
		9D40BB4A29FFFAC100312E41 /* AppSheetViewHandler.swift */ = {isa = PBXFileReference; lastKnownFileType = sourcecode.swift; path = AppSheetViewHandler.swift; sourceTree = "<group>"; };
		9D40BB4D29FFFC8700312E41 /* AppSheetViewHandlerTests.swift */ = {isa = PBXFileReference; lastKnownFileType = sourcecode.swift; path = AppSheetViewHandlerTests.swift; sourceTree = "<group>"; };
		9D40BB5029FFFCF600312E41 /* AppSheetCommonMock.swift */ = {isa = PBXFileReference; lastKnownFileType = sourcecode.swift; path = AppSheetCommonMock.swift; sourceTree = "<group>"; };
		9D6098542948B75C00F2D7C9 /* iosAppTests.xctest */ = {isa = PBXFileReference; explicitFileType = wrapper.cfbundle; includeInIndex = 0; path = iosAppTests.xctest; sourceTree = BUILT_PRODUCTS_DIR; };
		9D64C1722974613E00305AF7 /* GameSceneKeyboardTests.swift */ = {isa = PBXFileReference; lastKnownFileType = sourcecode.swift; path = GameSceneKeyboardTests.swift; sourceTree = "<group>"; };
		9D64C1762974688B00305AF7 /* GameSceneKeyboard.swift */ = {isa = PBXFileReference; lastKnownFileType = sourcecode.swift; path = GameSceneKeyboard.swift; sourceTree = "<group>"; };
		9D756F9B297043EB005C7705 /* GameSceneBoardTests.swift */ = {isa = PBXFileReference; lastKnownFileType = sourcecode.swift; path = GameSceneBoardTests.swift; sourceTree = "<group>"; };
		9D756F9D2970460A005C7705 /* GameSceneBoard.swift */ = {isa = PBXFileReference; lastKnownFileType = sourcecode.swift; path = GameSceneBoard.swift; sourceTree = "<group>"; };
		9D8C9C2D2969C15000761DA2 /* GameScene.swift */ = {isa = PBXFileReference; lastKnownFileType = sourcecode.swift; path = GameScene.swift; sourceTree = "<group>"; };
		9D8C9C3B2969C46C00761DA2 /* GameSceneTests.swift */ = {isa = PBXFileReference; lastKnownFileType = sourcecode.swift; path = GameSceneTests.swift; sourceTree = "<group>"; };
		9DB88BE32A029F76008B4870 /* HelpSheetContentTileTests.swift */ = {isa = PBXFileReference; lastKnownFileType = sourcecode.swift; path = HelpSheetContentTileTests.swift; sourceTree = "<group>"; };
		9DB88BE82A02A061008B4870 /* HelpSheetContent.swift */ = {isa = PBXFileReference; lastKnownFileType = sourcecode.swift; path = HelpSheetContent.swift; sourceTree = "<group>"; };
		9DC3B685296C352300D90945 /* Sizer.swift */ = {isa = PBXFileReference; lastKnownFileType = sourcecode.swift; path = Sizer.swift; sourceTree = "<group>"; };
		9DC3B68A296C370200D90945 /* AppDelegate.swift */ = {isa = PBXFileReference; lastKnownFileType = sourcecode.swift; path = AppDelegate.swift; sourceTree = "<group>"; };
		9DC3B690296C384B00D90945 /* SceneDimensionsTests.swift */ = {isa = PBXFileReference; lastKnownFileType = sourcecode.swift; path = SceneDimensionsTests.swift; sourceTree = "<group>"; };
		9DC3B692296C393400D90945 /* SceneDimensions.swift */ = {isa = PBXFileReference; lastKnownFileType = sourcecode.swift; path = SceneDimensions.swift; sourceTree = "<group>"; };
		9DC3B695296C3BBD00D90945 /* XCTestCase+SceneDimensions.swift */ = {isa = PBXFileReference; lastKnownFileType = sourcecode.swift; path = "XCTestCase+SceneDimensions.swift"; sourceTree = "<group>"; };
		9DC3B699296C425400D90945 /* ContentViewTests.swift */ = {isa = PBXFileReference; lastKnownFileType = sourcecode.swift; path = ContentViewTests.swift; sourceTree = "<group>"; };
		9DC3B69C296C506000D90945 /* Color+UI.swift */ = {isa = PBXFileReference; lastKnownFileType = sourcecode.swift; path = "Color+UI.swift"; sourceTree = "<group>"; };
		9DC3B69F296C52C600D90945 /* ColorTests.swift */ = {isa = PBXFileReference; lastKnownFileType = sourcecode.swift; path = ColorTests.swift; sourceTree = "<group>"; };
		9DC3B6A1296C545300D90945 /* UIColor+RGBA.swift */ = {isa = PBXFileReference; lastKnownFileType = sourcecode.swift; path = "UIColor+RGBA.swift"; sourceTree = "<group>"; };
		9DC3B6A5296C558300D90945 /* GameSceneHeaderTests.swift */ = {isa = PBXFileReference; lastKnownFileType = sourcecode.swift; path = GameSceneHeaderTests.swift; sourceTree = "<group>"; };
		9DC3B6A7296C565600D90945 /* GameSceneHeader.swift */ = {isa = PBXFileReference; lastKnownFileType = sourcecode.swift; path = GameSceneHeader.swift; sourceTree = "<group>"; };
		9DC3B6AB296C59F400D90945 /* View+Frame.swift */ = {isa = PBXFileReference; lastKnownFileType = sourcecode.swift; path = "View+Frame.swift"; sourceTree = "<group>"; };
		9DFC19542A05351400C9D5DD /* CoreTile.swift */ = {isa = PBXFileReference; lastKnownFileType = sourcecode.swift; path = CoreTile.swift; sourceTree = "<group>"; };
/* End PBXFileReference section */

/* Begin PBXFrameworksBuildPhase section */
		45551C633EF3A19EEDB59635 /* Frameworks */ = {
			isa = PBXFrameworksBuildPhase;
			buildActionMask = 2147483647;
			files = (
				97938403D6D336375F950A15 /* Pods_iosApp.framework in Frameworks */,
				9D8C9C292969BE0600761DA2 /* SwiftUIRouter in Frameworks */,
			);
			runOnlyForDeploymentPostprocessing = 0;
		};
		9D6098512948B75C00F2D7C9 /* Frameworks */ = {
			isa = PBXFrameworksBuildPhase;
			buildActionMask = 2147483647;
			files = (
				9D8C9C382969C42200761DA2 /* ViewInspector in Frameworks */,
			);
			runOnlyForDeploymentPostprocessing = 0;
		};
/* End PBXFrameworksBuildPhase section */

/* Begin PBXGroup section */
		058557D7273AAEEB004C7B11 /* Preview Content */ = {
			isa = PBXGroup;
			children = (
				058557D8273AAEEB004C7B11 /* Preview Assets.xcassets */,
			);
			path = "Preview Content";
			sourceTree = "<group>";
		};
		7555FF72242A565900829871 = {
			isa = PBXGroup;
			children = (
				7555FF7D242A565900829871 /* iosApp */,
				9D6098552948B75C00F2D7C9 /* iosAppTests */,
				7555FF7C242A565900829871 /* Products */,
				770F9AAE39AB7992BBC26A1D /* Pods */,
				E42FA48E285E7122F94E3B7A /* Frameworks */,
			);
			sourceTree = "<group>";
		};
		7555FF7C242A565900829871 /* Products */ = {
			isa = PBXGroup;
			children = (
				7555FF7B242A565900829871 /* iosApp.app */,
				9D6098542948B75C00F2D7C9 /* iosAppTests.xctest */,
			);
			name = Products;
			sourceTree = "<group>";
		};
		7555FF7D242A565900829871 /* iosApp */ = {
			isa = PBXGroup;
			children = (
				7555FF8C242A565B00829871 /* Info.plist */,
				2152FB032600AC8F00CF470E /* iOSApp.swift */,
				9DC3B687296C368F00D90945 /* assets */,
				9DC3B689296C36F100D90945 /* config */,
				9DC3B683296C350B00D90945 /* core */,
				9D8C9C2A2969C12500761DA2 /* feature_game */,
				9DB88BE52A02A042008B4870 /* feature_help */,
				9D3C4B0329E19E6300D365BA /* feature_stats */,
				058557D7273AAEEB004C7B11 /* Preview Content */,
			);
			path = iosApp;
			sourceTree = "<group>";
		};
		770F9AAE39AB7992BBC26A1D /* Pods */ = {
			isa = PBXGroup;
			children = (
				9903C30BBA4B2B467814F334 /* Pods-iosApp.debug.xcconfig */,
				67C5921881F0D734189BA57F /* Pods-iosApp.release.xcconfig */,
			);
			path = Pods;
			sourceTree = "<group>";
		};
		9D3C4AFE29E19D5700D365BA /* feature_stats */ = {
			isa = PBXGroup;
			children = (
				9D3C4AFF29E19D6200D365BA /* presentation */,
			);
			path = feature_stats;
			sourceTree = "<group>";
		};
		9D3C4AFF29E19D6200D365BA /* presentation */ = {
			isa = PBXGroup;
			children = (
				9D3C4B0029E19D6F00D365BA /* component */,
			);
			path = presentation;
			sourceTree = "<group>";
		};
		9D3C4B0029E19D6F00D365BA /* component */ = {
			isa = PBXGroup;
			children = (
				9D3C4B0129E19DA000D365BA /* StatsGuessDistributionRowTests.swift */,
				9D3C4B0829E1CECB00D365BA /* StatsGuessDistributionTests.swift */,
				9D3C4B0A29E1DE0200D365BA /* StatsModalContentStatTests.swift */,
				9D3C4B0E29E1EA4800D365BA /* StatsModalContentTests.swift */,
			);
			path = component;
			sourceTree = "<group>";
		};
		9D3C4B0329E19E6300D365BA /* feature_stats */ = {
			isa = PBXGroup;
			children = (
				9D3C4B0429E19E6900D365BA /* presentation */,
			);
			path = feature_stats;
			sourceTree = "<group>";
		};
		9D3C4B0429E19E6900D365BA /* presentation */ = {
			isa = PBXGroup;
			children = (
				9D3C4B0529E19E7100D365BA /* component */,
			);
			path = presentation;
			sourceTree = "<group>";
		};
		9D3C4B0529E19E7100D365BA /* component */ = {
			isa = PBXGroup;
			children = (
				9D3C4B0629E19E8400D365BA /* StatsGuessDistribution.swift */,
				9D3C4B0C29E1DFD800D365BA /* StatsModalContent.swift */,
			);
			path = component;
			sourceTree = "<group>";
		};
		9D3C4B1029E30F9100D365BA /* navigation */ = {
			isa = PBXGroup;
			children = (
				9D3C4B1329E30FA500D365BA /* mock */,
				9D3C4B1129E30FA000D365BA /* SceneNavigationHandlerTests.swift */,
			);
			path = navigation;
			sourceTree = "<group>";
		};
		9D3C4B1329E30FA500D365BA /* mock */ = {
			isa = PBXGroup;
			children = (
				9D3C4B1429E30FBE00D365BA /* AppNavigationHandlerCommonMock.swift */,
			);
			path = mock;
			sourceTree = "<group>";
		};
		9D3C4B1629E3135E00D365BA /* navigation */ = {
			isa = PBXGroup;
			children = (
				9D3C4B1729E3137100D365BA /* SceneNavigationHandler.swift */,
			);
			path = navigation;
			sourceTree = "<group>";
		};
		9D3C4B1929E318FE00D365BA /* app_modal */ = {
			isa = PBXGroup;
			children = (
				9D3C4B1C29E3192300D365BA /* mock */,
				9D3C4B1A29E3191700D365BA /* AppModalViewHandlerTests.swift */,
			);
			path = app_modal;
			sourceTree = "<group>";
		};
		9D3C4B1C29E3192300D365BA /* mock */ = {
			isa = PBXGroup;
			children = (
				9D3C4B1D29E3193600D365BA /* AppModalCommonMock.swift */,
			);
			path = mock;
			sourceTree = "<group>";
		};
		9D3C4B1F29E31E9100D365BA /* app_modal */ = {
			isa = PBXGroup;
			children = (
				9D3C4B2029E31E9B00D365BA /* AppModalViewHandler.swift */,
			);
			path = app_modal;
			sourceTree = "<group>";
		};
		9D40BB4929FFFAB400312E41 /* app_sheet */ = {
			isa = PBXGroup;
			children = (
				9D40BB4A29FFFAC100312E41 /* AppSheetViewHandler.swift */,
			);
			path = app_sheet;
			sourceTree = "<group>";
		};
		9D40BB4C29FFFC6700312E41 /* app_sheet */ = {
			isa = PBXGroup;
			children = (
				9D40BB4F29FFFCE800312E41 /* mock */,
				9D40BB4D29FFFC8700312E41 /* AppSheetViewHandlerTests.swift */,
			);
			path = app_sheet;
			sourceTree = "<group>";
		};
		9D40BB4F29FFFCE800312E41 /* mock */ = {
			isa = PBXGroup;
			children = (
				9D40BB5029FFFCF600312E41 /* AppSheetCommonMock.swift */,
			);
			path = mock;
			sourceTree = "<group>";
		};
		9D6098552948B75C00F2D7C9 /* iosAppTests */ = {
			isa = PBXGroup;
			children = (
				9DC3B68C296C382900D90945 /* core */,
				9DC3B694296C3B7600D90945 /* extension */,
				9D8C9C392969C44F00761DA2 /* feature_game */,
				9DB88BE02A029F44008B4870 /* feature_help */,
				9D3C4AFE29E19D5700D365BA /* feature_stats */,
			);
			path = iosAppTests;
			sourceTree = "<group>";
		};
		9D8C9C2A2969C12500761DA2 /* feature_game */ = {
			isa = PBXGroup;
			children = (
				9D8C9C2B2969C13100761DA2 /* presentation */,
			);
			path = feature_game;
			sourceTree = "<group>";
		};
		9D8C9C2B2969C13100761DA2 /* presentation */ = {
			isa = PBXGroup;
			children = (
				9D8C9C2D2969C15000761DA2 /* GameScene.swift */,
				9D3DBD4A296F9B2400FA8FDE /* GameSceneHandler.swift */,
				9DC3B6A3296C556200D90945 /* component */,
			);
			path = presentation;
			sourceTree = "<group>";
		};
		9D8C9C392969C44F00761DA2 /* feature_game */ = {
			isa = PBXGroup;
			children = (
				9D8C9C3A2969C45700761DA2 /* presentation */,
			);
			path = feature_game;
			sourceTree = "<group>";
		};
		9D8C9C3A2969C45700761DA2 /* presentation */ = {
			isa = PBXGroup;
			children = (
				9D3DBD48296F9A0A00FA8FDE /* GameSceneHandlerTests.swift */,
				9D8C9C3B2969C46C00761DA2 /* GameSceneTests.swift */,
				9DC3B6A4296C556900D90945 /* component */,
			);
			path = presentation;
			sourceTree = "<group>";
		};
		9DB88BE02A029F44008B4870 /* feature_help */ = {
			isa = PBXGroup;
			children = (
				9DB88BE12A029F50008B4870 /* presentation */,
			);
			path = feature_help;
			sourceTree = "<group>";
		};
		9DB88BE12A029F50008B4870 /* presentation */ = {
			isa = PBXGroup;
			children = (
				9DB88BE22A029F57008B4870 /* component */,
			);
			path = presentation;
			sourceTree = "<group>";
		};
		9DB88BE22A029F57008B4870 /* component */ = {
			isa = PBXGroup;
			children = (
				9DB88BE32A029F76008B4870 /* HelpSheetContentTileTests.swift */,
			);
			path = component;
			sourceTree = "<group>";
		};
		9DB88BE52A02A042008B4870 /* feature_help */ = {
			isa = PBXGroup;
			children = (
				9DB88BE62A02A050008B4870 /* presentation */,
			);
			path = feature_help;
			sourceTree = "<group>";
		};
		9DB88BE62A02A050008B4870 /* presentation */ = {
			isa = PBXGroup;
			children = (
				9DB88BE72A02A055008B4870 /* component */,
			);
			path = presentation;
			sourceTree = "<group>";
		};
		9DB88BE72A02A055008B4870 /* component */ = {
			isa = PBXGroup;
			children = (
				9DB88BE82A02A061008B4870 /* HelpSheetContent.swift */,
			);
			path = component;
			sourceTree = "<group>";
		};
		9DC3B683296C350B00D90945 /* core */ = {
			isa = PBXGroup;
			children = (
				9D3C4B1629E3135E00D365BA /* navigation */,
				9DC3B697296C422200D90945 /* presentation */,
				9DC3B69B296C504E00D90945 /* ui */,
				9DC3B684296C351700D90945 /* util */,
			);
			path = core;
			sourceTree = "<group>";
		};
		9DC3B684296C351700D90945 /* util */ = {
			isa = PBXGroup;
			children = (
				9DC3B685296C352300D90945 /* Sizer.swift */,
				9DC3B692296C393400D90945 /* SceneDimensions.swift */,
			);
			path = util;
			sourceTree = "<group>";
		};
		9DC3B687296C368F00D90945 /* assets */ = {
			isa = PBXGroup;
			children = (
				9DC3B688296C36A600D90945 /* fonts */,
				058557BA273AAA24004C7B11 /* Assets.xcassets */,
			);
			path = assets;
			sourceTree = "<group>";
		};
		9DC3B688296C36A600D90945 /* fonts */ = {
			isa = PBXGroup;
			children = (
				9D3DBD41296F98D100FA8FDE /* Roboto-Black.ttf */,
				9D3DBD43296F98D100FA8FDE /* Roboto-BlackItalic.ttf */,
				9D3DBD44296F98D100FA8FDE /* Roboto-Bold.ttf */,
				9D3DBD47296F98D100FA8FDE /* Roboto-BoldItalic.ttf */,
				9D3DBD42296F98D100FA8FDE /* Roboto-Italic.ttf */,
				9D3DBD3F296F98D100FA8FDE /* Roboto-Light.ttf */,
				9D3DBD45296F98D100FA8FDE /* Roboto-LightItalic.ttf */,
				9D3DBD3C296F98D100FA8FDE /* Roboto-Medium.ttf */,
				9D3DBD3D296F98D100FA8FDE /* Roboto-MediumItalic.ttf */,
				9D3DBD40296F98D100FA8FDE /* Roboto-Regular.ttf */,
				9D3DBD46296F98D100FA8FDE /* Roboto-Thin.ttf */,
				9D3DBD3E296F98D100FA8FDE /* Roboto-ThinItalic.ttf */,
			);
			path = fonts;
			sourceTree = "<group>";
		};
		9DC3B689296C36F100D90945 /* config */ = {
			isa = PBXGroup;
			children = (
				9DC3B68A296C370200D90945 /* AppDelegate.swift */,
			);
			path = config;
			sourceTree = "<group>";
		};
		9DC3B68C296C382900D90945 /* core */ = {
			isa = PBXGroup;
			children = (
				9D3C4B1029E30F9100D365BA /* navigation */,
				9DC3B698296C423200D90945 /* presentation */,
				9DC3B69E296C52B100D90945 /* ui */,
				9DC3B68D296C382E00D90945 /* util */,
			);
			path = core;
			sourceTree = "<group>";
		};
		9DC3B68D296C382E00D90945 /* util */ = {
			isa = PBXGroup;
			children = (
				9DC3B690296C384B00D90945 /* SceneDimensionsTests.swift */,
			);
			path = util;
			sourceTree = "<group>";
		};
		9DC3B694296C3B7600D90945 /* extension */ = {
			isa = PBXGroup;
			children = (
				9DC3B695296C3BBD00D90945 /* XCTestCase+SceneDimensions.swift */,
			);
			path = extension;
			sourceTree = "<group>";
		};
		9DC3B697296C422200D90945 /* presentation */ = {
			isa = PBXGroup;
			children = (
				7555FF82242A565900829871 /* ContentView.swift */,
			);
			path = presentation;
			sourceTree = "<group>";
		};
		9DC3B698296C423200D90945 /* presentation */ = {
			isa = PBXGroup;
			children = (
				9DC3B699296C425400D90945 /* ContentViewTests.swift */,
			);
			path = presentation;
			sourceTree = "<group>";
		};
		9DC3B69B296C504E00D90945 /* ui */ = {
			isa = PBXGroup;
			children = (
				9DFC19532A0534F700C9D5DD /* tile */,
				9DC3B69C296C506000D90945 /* Color+UI.swift */,
				9DC3B6A1296C545300D90945 /* UIColor+RGBA.swift */,
				9D3C4B1F29E31E9100D365BA /* app_modal */,
				9D40BB4929FFFAB400312E41 /* app_sheet */,
				9DC3B6A9296C59D900D90945 /* view */,
			);
			path = ui;
			sourceTree = "<group>";
		};
		9DC3B69E296C52B100D90945 /* ui */ = {
			isa = PBXGroup;
			children = (
				9DC3B69F296C52C600D90945 /* ColorTests.swift */,
				9D3C4B1929E318FE00D365BA /* app_modal */,
				9D40BB4C29FFFC6700312E41 /* app_sheet */,
			);
			path = ui;
			sourceTree = "<group>";
		};
		9DC3B6A3296C556200D90945 /* component */ = {
			isa = PBXGroup;
			children = (
				9DC3B6A7296C565600D90945 /* GameSceneHeader.swift */,
				9D756F9D2970460A005C7705 /* GameSceneBoard.swift */,
				9D64C1762974688B00305AF7 /* GameSceneKeyboard.swift */,
				9D1D2ECE29781453003A491E /* GameSceneAnnouncement.swift */,
			);
			path = component;
			sourceTree = "<group>";
		};
		9DC3B6A4296C556900D90945 /* component */ = {
			isa = PBXGroup;
			children = (
				9DC3B6A5296C558300D90945 /* GameSceneHeaderTests.swift */,
				9D756F9B297043EB005C7705 /* GameSceneBoardTests.swift */,
				9D64C1722974613E00305AF7 /* GameSceneKeyboardTests.swift */,
				9D1D2ECC29781323003A491E /* GameSceneAnnouncementTests.swift */,
			);
			path = component;
			sourceTree = "<group>";
		};
		9DC3B6A9296C59D900D90945 /* view */ = {
			isa = PBXGroup;
			children = (
				9DC3B6AA296C59DD00D90945 /* extension */,
			);
			path = view;
			sourceTree = "<group>";
		};
		9DC3B6AA296C59DD00D90945 /* extension */ = {
			isa = PBXGroup;
			children = (
				9DC3B6AB296C59F400D90945 /* View+Frame.swift */,
			);
			path = extension;
			sourceTree = "<group>";
		};
		9DFC19532A0534F700C9D5DD /* tile */ = {
			isa = PBXGroup;
			children = (
				9DFC19542A05351400C9D5DD /* CoreTile.swift */,
			);
			path = tile;
			sourceTree = "<group>";
		};
		E42FA48E285E7122F94E3B7A /* Frameworks */ = {
			isa = PBXGroup;
			children = (
				17C0F794CA2046006F879E89 /* Pods_iosApp.framework */,
			);
			name = Frameworks;
			sourceTree = "<group>";
		};
/* End PBXGroup section */

/* Begin PBXNativeTarget section */
		7555FF7A242A565900829871 /* iosApp */ = {
			isa = PBXNativeTarget;
			buildConfigurationList = 7555FFA5242A565B00829871 /* Build configuration list for PBXNativeTarget "iosApp" */;
			buildPhases = (
				D220DAD6BA0AC5852015FBC2 /* [CP] Check Pods Manifest.lock */,
				7555FF77242A565900829871 /* Sources */,
				7555FF79242A565900829871 /* Resources */,
				45551C633EF3A19EEDB59635 /* Frameworks */,
				9D5B780329B637DC002CA142 /* ShellScript */,
			);
			buildRules = (
			);
			dependencies = (
			);
			name = iosApp;
			packageProductDependencies = (
				9D8C9C282969BE0600761DA2 /* SwiftUIRouter */,
			);
			productName = iosApp;
			productReference = 7555FF7B242A565900829871 /* iosApp.app */;
			productType = "com.apple.product-type.application";
		};
		9D6098532948B75C00F2D7C9 /* iosAppTests */ = {
			isa = PBXNativeTarget;
			buildConfigurationList = 9D60985C2948B75C00F2D7C9 /* Build configuration list for PBXNativeTarget "iosAppTests" */;
			buildPhases = (
				9D6098502948B75C00F2D7C9 /* Sources */,
				9D6098512948B75C00F2D7C9 /* Frameworks */,
				9D6098522948B75C00F2D7C9 /* Resources */,
			);
			buildRules = (
			);
			dependencies = (
				9D6098592948B75C00F2D7C9 /* PBXTargetDependency */,
			);
			name = iosAppTests;
			packageProductDependencies = (
				9D8C9C372969C42200761DA2 /* ViewInspector */,
			);
			productName = iosAppTests;
			productReference = 9D6098542948B75C00F2D7C9 /* iosAppTests.xctest */;
			productType = "com.apple.product-type.bundle.unit-test";
		};
/* End PBXNativeTarget section */

/* Begin PBXProject section */
		7555FF73242A565900829871 /* Project object */ = {
			isa = PBXProject;
			attributes = {
				LastSwiftUpdateCheck = 1410;
				LastUpgradeCheck = 1130;
				ORGANIZATIONNAME = orgName;
				TargetAttributes = {
					7555FF7A242A565900829871 = {
						CreatedOnToolsVersion = 11.3.1;
					};
					9D6098532948B75C00F2D7C9 = {
						CreatedOnToolsVersion = 14.1;
						TestTargetID = 7555FF7A242A565900829871;
					};
				};
			};
			buildConfigurationList = 7555FF76242A565900829871 /* Build configuration list for PBXProject "iosApp" */;
			compatibilityVersion = "Xcode 9.3";
			developmentRegion = en;
			hasScannedForEncodings = 0;
			knownRegions = (
				en,
				Base,
			);
			mainGroup = 7555FF72242A565900829871;
			packageReferences = (
				9D8C9C272969BE0600761DA2 /* XCRemoteSwiftPackageReference "SwiftUIRouter" */,
				9D8C9C362969C42200761DA2 /* XCRemoteSwiftPackageReference "ViewInspector" */,
			);
			productRefGroup = 7555FF7C242A565900829871 /* Products */;
			projectDirPath = "";
			projectRoot = "";
			targets = (
				7555FF7A242A565900829871 /* iosApp */,
				9D6098532948B75C00F2D7C9 /* iosAppTests */,
			);
		};
/* End PBXProject section */

/* Begin PBXResourcesBuildPhase section */
		7555FF79242A565900829871 /* Resources */ = {
			isa = PBXResourcesBuildPhase;
			buildActionMask = 2147483647;
			files = (
				9D756F9629703B3E005C7705 /* Roboto-ThinItalic.ttf in Resources */,
				9D756F9829703B3E005C7705 /* Roboto-Italic.ttf in Resources */,
				9D756F9329703B3E005C7705 /* Roboto-Thin.ttf in Resources */,
				058557D9273AAEEB004C7B11 /* Preview Assets.xcassets in Resources */,
				9D756F9929703B3E005C7705 /* Roboto-LightItalic.ttf in Resources */,
				9D756F9429703B3E005C7705 /* Roboto-Regular.ttf in Resources */,
				9D756F9729703B3E005C7705 /* Roboto-Bold.ttf in Resources */,
				058557BB273AAA24004C7B11 /* Assets.xcassets in Resources */,
				9D756F9229703B3E005C7705 /* Roboto-Light.ttf in Resources */,
				9D756F8F29703B35005C7705 /* Roboto-Black.ttf in Resources */,
				9D756F9A29703B3E005C7705 /* Roboto-Medium.ttf in Resources */,
				9D756F9129703B3E005C7705 /* Roboto-BoldItalic.ttf in Resources */,
				9D756F9529703B3E005C7705 /* Roboto-MediumItalic.ttf in Resources */,
				9D756F9029703B3A005C7705 /* Roboto-BlackItalic.ttf in Resources */,
			);
			runOnlyForDeploymentPostprocessing = 0;
		};
		9D6098522948B75C00F2D7C9 /* Resources */ = {
			isa = PBXResourcesBuildPhase;
			buildActionMask = 2147483647;
			files = (
			);
			runOnlyForDeploymentPostprocessing = 0;
		};
/* End PBXResourcesBuildPhase section */

/* Begin PBXShellScriptBuildPhase section */
		9D5B780329B637DC002CA142 /* ShellScript */ = {
			isa = PBXShellScriptBuildPhase;
			buildActionMask = 2147483647;
			files = (
			);
			inputFileListPaths = (
			);
			inputPaths = (
			);
			outputFileListPaths = (
			);
			outputPaths = (
			);
			runOnlyForDeploymentPostprocessing = 0;
			shellPath = /bin/sh;
			shellScript = "# Type a script or drag a script file from your workspace to insert its path.\n\"$SRCROOT/../gradlew\" -p \"$SRCROOT/../\" :shared:copyFrameworkResourcesToApp \\\n    -Pmoko.resources.PLATFORM_NAME=$PLATFORM_NAME \\\n    -Pmoko.resources.CONFIGURATION=$CONFIGURATION \\\n    -Pmoko.resources.BUILT_PRODUCTS_DIR=$BUILT_PRODUCTS_DIR \\\n    -Pmoko.resources.CONTENTS_FOLDER_PATH=$CONTENTS_FOLDER_PATH\\\n    -Pkotlin.native.cocoapods.platform=$PLATFORM_NAME \\\n    -Pkotlin.native.cocoapods.archs=\"$ARCHS\" \\\n    -Pkotlin.native.cocoapods.configuration=$CONFIGURATION \n";
		};
		D220DAD6BA0AC5852015FBC2 /* [CP] Check Pods Manifest.lock */ = {
			isa = PBXShellScriptBuildPhase;
			buildActionMask = 2147483647;
			files = (
			);
			inputFileListPaths = (
			);
			inputPaths = (
				"${PODS_PODFILE_DIR_PATH}/Podfile.lock",
				"${PODS_ROOT}/Manifest.lock",
			);
			name = "[CP] Check Pods Manifest.lock";
			outputFileListPaths = (
			);
			outputPaths = (
				"$(DERIVED_FILE_DIR)/Pods-iosApp-checkManifestLockResult.txt",
			);
			runOnlyForDeploymentPostprocessing = 0;
			shellPath = /bin/sh;
			shellScript = "diff \"${PODS_PODFILE_DIR_PATH}/Podfile.lock\" \"${PODS_ROOT}/Manifest.lock\" > /dev/null\nif [ $? != 0 ] ; then\n    # print error to STDERR\n    echo \"error: The sandbox is not in sync with the Podfile.lock. Run 'pod install' or update your CocoaPods installation.\" >&2\n    exit 1\nfi\n# This output is used by Xcode 'outputs' to avoid re-running this script phase.\necho \"SUCCESS\" > \"${SCRIPT_OUTPUT_FILE_0}\"\n";
			showEnvVarsInLog = 0;
		};
/* End PBXShellScriptBuildPhase section */

/* Begin PBXSourcesBuildPhase section */
		7555FF77242A565900829871 /* Sources */ = {
			isa = PBXSourcesBuildPhase;
			buildActionMask = 2147483647;
			files = (
				9DC3B6AC296C59F400D90945 /* View+Frame.swift in Sources */,
				9D8C9C2E2969C15000761DA2 /* GameScene.swift in Sources */,
				9DC3B6A2296C545300D90945 /* UIColor+RGBA.swift in Sources */,
				9DFC19552A05351400C9D5DD /* CoreTile.swift in Sources */,
				9D3C4B0729E19E8400D365BA /* StatsGuessDistribution.swift in Sources */,
				2152FB042600AC8F00CF470E /* iOSApp.swift in Sources */,
				9DC3B69D296C506000D90945 /* Color+UI.swift in Sources */,
				9D3DBD4B296F9B2400FA8FDE /* GameSceneHandler.swift in Sources */,
				9D3C4B1829E3137100D365BA /* SceneNavigationHandler.swift in Sources */,
				9DB88BE92A02A061008B4870 /* HelpSheetContent.swift in Sources */,
				7555FF83242A565900829871 /* ContentView.swift in Sources */,
				9D756F9E2970460A005C7705 /* GameSceneBoard.swift in Sources */,
				9DC3B693296C393400D90945 /* SceneDimensions.swift in Sources */,
				9D3C4B0D29E1DFD800D365BA /* StatsModalContent.swift in Sources */,
				9DC3B68B296C370200D90945 /* AppDelegate.swift in Sources */,
				9DC3B6A8296C565600D90945 /* GameSceneHeader.swift in Sources */,
				9DC3B686296C352300D90945 /* Sizer.swift in Sources */,
				9D3C4B2129E31E9B00D365BA /* AppModalViewHandler.swift in Sources */,
				9D40BB4B29FFFAC100312E41 /* AppSheetViewHandler.swift in Sources */,
				9D64C1772974688B00305AF7 /* GameSceneKeyboard.swift in Sources */,
				9D1D2ECF29781453003A491E /* GameSceneAnnouncement.swift in Sources */,
			);
			runOnlyForDeploymentPostprocessing = 0;
		};
		9D6098502948B75C00F2D7C9 /* Sources */ = {
			isa = PBXSourcesBuildPhase;
			buildActionMask = 2147483647;
			files = (
				9D3C4B0B29E1DE0200D365BA /* StatsModalContentStatTests.swift in Sources */,
				9D3C4B1529E30FBE00D365BA /* AppNavigationHandlerCommonMock.swift in Sources */,
				9D3C4B0F29E1EA4800D365BA /* StatsModalContentTests.swift in Sources */,
				9D3DBD49296F9A0A00FA8FDE /* GameSceneHandlerTests.swift in Sources */,
				9D40BB5129FFFCF600312E41 /* AppSheetCommonMock.swift in Sources */,
				9D64C1732974613E00305AF7 /* GameSceneKeyboardTests.swift in Sources */,
				9DC3B696296C3BBD00D90945 /* XCTestCase+SceneDimensions.swift in Sources */,
				9D8C9C3C2969C46C00761DA2 /* GameSceneTests.swift in Sources */,
				9DC3B6A0296C52C600D90945 /* ColorTests.swift in Sources */,
				9D756F9C297043EB005C7705 /* GameSceneBoardTests.swift in Sources */,
				9D40BB4E29FFFC8700312E41 /* AppSheetViewHandlerTests.swift in Sources */,
				9D3C4B1229E30FA000D365BA /* SceneNavigationHandlerTests.swift in Sources */,
				9DC3B69A296C425400D90945 /* ContentViewTests.swift in Sources */,
				9DB88BE42A029F76008B4870 /* HelpSheetContentTileTests.swift in Sources */,
				9D3C4B1B29E3191700D365BA /* AppModalViewHandlerTests.swift in Sources */,
				9DC3B691296C384B00D90945 /* SceneDimensionsTests.swift in Sources */,
				9D1D2ECD29781323003A491E /* GameSceneAnnouncementTests.swift in Sources */,
				9D3C4B1E29E3193600D365BA /* AppModalCommonMock.swift in Sources */,
				9DC3B6A6296C558300D90945 /* GameSceneHeaderTests.swift in Sources */,
				9D3C4B0229E19DA000D365BA /* StatsGuessDistributionRowTests.swift in Sources */,
				9D3C4B0929E1CECB00D365BA /* StatsGuessDistributionTests.swift in Sources */,
			);
			runOnlyForDeploymentPostprocessing = 0;
		};
/* End PBXSourcesBuildPhase section */

/* Begin PBXTargetDependency section */
		9D6098592948B75C00F2D7C9 /* PBXTargetDependency */ = {
			isa = PBXTargetDependency;
			target = 7555FF7A242A565900829871 /* iosApp */;
			targetProxy = 9D6098582948B75C00F2D7C9 /* PBXContainerItemProxy */;
		};
/* End PBXTargetDependency section */

/* Begin XCBuildConfiguration section */
		7555FFA3242A565B00829871 /* Debug */ = {
			isa = XCBuildConfiguration;
			buildSettings = {
				ALWAYS_SEARCH_USER_PATHS = NO;
				CLANG_ANALYZER_NONNULL = YES;
				CLANG_ANALYZER_NUMBER_OBJECT_CONVERSION = YES_AGGRESSIVE;
				CLANG_CXX_LANGUAGE_STANDARD = "gnu++14";
				CLANG_CXX_LIBRARY = "libc++";
				CLANG_ENABLE_MODULES = YES;
				CLANG_ENABLE_OBJC_ARC = YES;
				CLANG_ENABLE_OBJC_WEAK = YES;
				CLANG_WARN_BLOCK_CAPTURE_AUTORELEASING = YES;
				CLANG_WARN_BOOL_CONVERSION = YES;
				CLANG_WARN_COMMA = YES;
				CLANG_WARN_CONSTANT_CONVERSION = YES;
				CLANG_WARN_DEPRECATED_OBJC_IMPLEMENTATIONS = YES;
				CLANG_WARN_DIRECT_OBJC_ISA_USAGE = YES_ERROR;
				CLANG_WARN_DOCUMENTATION_COMMENTS = YES;
				CLANG_WARN_EMPTY_BODY = YES;
				CLANG_WARN_ENUM_CONVERSION = YES;
				CLANG_WARN_INFINITE_RECURSION = YES;
				CLANG_WARN_INT_CONVERSION = YES;
				CLANG_WARN_NON_LITERAL_NULL_CONVERSION = YES;
				CLANG_WARN_OBJC_IMPLICIT_RETAIN_SELF = YES;
				CLANG_WARN_OBJC_LITERAL_CONVERSION = YES;
				CLANG_WARN_OBJC_ROOT_CLASS = YES_ERROR;
				CLANG_WARN_QUOTED_INCLUDE_IN_FRAMEWORK_HEADER = YES;
				CLANG_WARN_RANGE_LOOP_ANALYSIS = YES;
				CLANG_WARN_STRICT_PROTOTYPES = YES;
				CLANG_WARN_SUSPICIOUS_MOVE = YES;
				CLANG_WARN_UNGUARDED_AVAILABILITY = YES_AGGRESSIVE;
				CLANG_WARN_UNREACHABLE_CODE = YES;
				CLANG_WARN__DUPLICATE_METHOD_MATCH = YES;
				COPY_PHASE_STRIP = NO;
				DEBUG_INFORMATION_FORMAT = "dwarf-with-dsym";
				ENABLE_STRICT_OBJC_MSGSEND = YES;
				ENABLE_TESTABILITY = YES;
				GCC_C_LANGUAGE_STANDARD = gnu11;
				GCC_DYNAMIC_NO_PIC = NO;
				GCC_NO_COMMON_BLOCKS = YES;
				GCC_OPTIMIZATION_LEVEL = 0;
				GCC_PREPROCESSOR_DEFINITIONS = (
					"DEBUG=1",
					"$(inherited)",
				);
				GCC_WARN_64_TO_32_BIT_CONVERSION = YES;
				GCC_WARN_ABOUT_RETURN_TYPE = YES_ERROR;
				GCC_WARN_UNDECLARED_SELECTOR = YES;
				GCC_WARN_UNINITIALIZED_AUTOS = YES_AGGRESSIVE;
				GCC_WARN_UNUSED_FUNCTION = YES;
				GCC_WARN_UNUSED_VARIABLE = YES;
				INFOPLIST_KEY_UISupportedInterfaceOrientations_iPad = "";
				IPHONEOS_DEPLOYMENT_TARGET = 14.1;
				MTL_ENABLE_DEBUG_INFO = INCLUDE_SOURCE;
				MTL_FAST_MATH = YES;
				ONLY_ACTIVE_ARCH = YES;
				SDKROOT = iphoneos;
				SWIFT_ACTIVE_COMPILATION_CONDITIONS = DEBUG;
				SWIFT_OPTIMIZATION_LEVEL = "-Onone";
			};
			name = Debug;
		};
		7555FFA4242A565B00829871 /* Release */ = {
			isa = XCBuildConfiguration;
			buildSettings = {
				ALWAYS_SEARCH_USER_PATHS = NO;
				CLANG_ANALYZER_NONNULL = YES;
				CLANG_ANALYZER_NUMBER_OBJECT_CONVERSION = YES_AGGRESSIVE;
				CLANG_CXX_LANGUAGE_STANDARD = "gnu++14";
				CLANG_CXX_LIBRARY = "libc++";
				CLANG_ENABLE_MODULES = YES;
				CLANG_ENABLE_OBJC_ARC = YES;
				CLANG_ENABLE_OBJC_WEAK = YES;
				CLANG_WARN_BLOCK_CAPTURE_AUTORELEASING = YES;
				CLANG_WARN_BOOL_CONVERSION = YES;
				CLANG_WARN_COMMA = YES;
				CLANG_WARN_CONSTANT_CONVERSION = YES;
				CLANG_WARN_DEPRECATED_OBJC_IMPLEMENTATIONS = YES;
				CLANG_WARN_DIRECT_OBJC_ISA_USAGE = YES_ERROR;
				CLANG_WARN_DOCUMENTATION_COMMENTS = YES;
				CLANG_WARN_EMPTY_BODY = YES;
				CLANG_WARN_ENUM_CONVERSION = YES;
				CLANG_WARN_INFINITE_RECURSION = YES;
				CLANG_WARN_INT_CONVERSION = YES;
				CLANG_WARN_NON_LITERAL_NULL_CONVERSION = YES;
				CLANG_WARN_OBJC_IMPLICIT_RETAIN_SELF = YES;
				CLANG_WARN_OBJC_LITERAL_CONVERSION = YES;
				CLANG_WARN_OBJC_ROOT_CLASS = YES_ERROR;
				CLANG_WARN_QUOTED_INCLUDE_IN_FRAMEWORK_HEADER = YES;
				CLANG_WARN_RANGE_LOOP_ANALYSIS = YES;
				CLANG_WARN_STRICT_PROTOTYPES = YES;
				CLANG_WARN_SUSPICIOUS_MOVE = YES;
				CLANG_WARN_UNGUARDED_AVAILABILITY = YES_AGGRESSIVE;
				CLANG_WARN_UNREACHABLE_CODE = YES;
				CLANG_WARN__DUPLICATE_METHOD_MATCH = YES;
				COPY_PHASE_STRIP = NO;
				DEBUG_INFORMATION_FORMAT = "dwarf-with-dsym";
				ENABLE_NS_ASSERTIONS = NO;
				ENABLE_STRICT_OBJC_MSGSEND = YES;
				GCC_C_LANGUAGE_STANDARD = gnu11;
				GCC_NO_COMMON_BLOCKS = YES;
				GCC_WARN_64_TO_32_BIT_CONVERSION = YES;
				GCC_WARN_ABOUT_RETURN_TYPE = YES_ERROR;
				GCC_WARN_UNDECLARED_SELECTOR = YES;
				GCC_WARN_UNINITIALIZED_AUTOS = YES_AGGRESSIVE;
				GCC_WARN_UNUSED_FUNCTION = YES;
				GCC_WARN_UNUSED_VARIABLE = YES;
				INFOPLIST_KEY_UISupportedInterfaceOrientations_iPad = "";
				IPHONEOS_DEPLOYMENT_TARGET = 14.1;
				MTL_ENABLE_DEBUG_INFO = NO;
				MTL_FAST_MATH = YES;
				SDKROOT = iphoneos;
				SWIFT_COMPILATION_MODE = wholemodule;
				SWIFT_OPTIMIZATION_LEVEL = "-O";
				VALIDATE_PRODUCT = YES;
			};
			name = Release;
		};
		7555FFA6242A565B00829871 /* Debug */ = {
			isa = XCBuildConfiguration;
			baseConfigurationReference = 9903C30BBA4B2B467814F334 /* Pods-iosApp.debug.xcconfig */;
			buildSettings = {
				ASSETCATALOG_COMPILER_APPICON_NAME = AppIcon;
				CODE_SIGN_STYLE = Automatic;
				DEVELOPMENT_ASSET_PATHS = "\"iosApp/Preview Content\"";
				DEVELOPMENT_TEAM = A46J4WF27R;
				ENABLE_PREVIEWS = YES;
				INFOPLIST_FILE = iosApp/Info.plist;
				INFOPLIST_KEY_CFBundleDisplayName = BrzyWordle;
				INFOPLIST_KEY_LSApplicationCategoryType = "public.app-category.word-games";
				LD_RUNPATH_SEARCH_PATHS = (
					"$(inherited)",
					"@executable_path/Frameworks",
				);
				PRODUCT_BUNDLE_IDENTIFIER = com.megabreezy.iosApp;
				PRODUCT_MODULE_NAME = "$(TARGET_NAME)";
				PRODUCT_NAME = "$(TARGET_NAME)";
				SWIFT_VERSION = 5.0;
				TARGETED_DEVICE_FAMILY = "1,2";
			};
			name = Debug;
		};
		7555FFA7242A565B00829871 /* Release */ = {
			isa = XCBuildConfiguration;
			baseConfigurationReference = 67C5921881F0D734189BA57F /* Pods-iosApp.release.xcconfig */;
			buildSettings = {
				ASSETCATALOG_COMPILER_APPICON_NAME = AppIcon;
				CODE_SIGN_STYLE = Automatic;
				DEVELOPMENT_ASSET_PATHS = "\"iosApp/Preview Content\"";
				DEVELOPMENT_TEAM = A46J4WF27R;
				ENABLE_PREVIEWS = YES;
				INFOPLIST_FILE = iosApp/Info.plist;
				INFOPLIST_KEY_CFBundleDisplayName = BrzyWordle;
				INFOPLIST_KEY_LSApplicationCategoryType = "public.app-category.word-games";
				LD_RUNPATH_SEARCH_PATHS = (
					"$(inherited)",
					"@executable_path/Frameworks",
				);
				PRODUCT_BUNDLE_IDENTIFIER = com.megabreezy.iosApp;
				PRODUCT_MODULE_NAME = "$(TARGET_NAME)";
				PRODUCT_NAME = "$(TARGET_NAME)";
				SWIFT_VERSION = 5.0;
				TARGETED_DEVICE_FAMILY = "1,2";
			};
			name = Release;
		};
		9D60985A2948B75C00F2D7C9 /* Debug */ = {
			isa = XCBuildConfiguration;
			buildSettings = {
				BUNDLE_LOADER = "$(TEST_HOST)";
				CLANG_CXX_LANGUAGE_STANDARD = "gnu++20";
				CODE_SIGN_STYLE = Automatic;
				CURRENT_PROJECT_VERSION = 1;
				DEBUG_INFORMATION_FORMAT = dwarf;
				DEVELOPMENT_TEAM = A46J4WF27R;
				GENERATE_INFOPLIST_FILE = YES;
				IPHONEOS_DEPLOYMENT_TARGET = 14.1;
				MARKETING_VERSION = 1.0;
				PRODUCT_BUNDLE_IDENTIFIER = com.megabreezy.iosAppTests;
				PRODUCT_NAME = "$(TARGET_NAME)";
				SWIFT_EMIT_LOC_STRINGS = NO;
				SWIFT_VERSION = 5.0;
				TARGETED_DEVICE_FAMILY = "1,2";
				TEST_HOST = "$(BUILT_PRODUCTS_DIR)/iosApp.app/$(BUNDLE_EXECUTABLE_FOLDER_PATH)/iosApp";
			};
			name = Debug;
		};
		9D60985B2948B75C00F2D7C9 /* Release */ = {
			isa = XCBuildConfiguration;
			buildSettings = {
				BUNDLE_LOADER = "$(TEST_HOST)";
				CLANG_CXX_LANGUAGE_STANDARD = "gnu++20";
				CODE_SIGN_STYLE = Automatic;
				CURRENT_PROJECT_VERSION = 1;
				DEVELOPMENT_TEAM = A46J4WF27R;
				GENERATE_INFOPLIST_FILE = YES;
				IPHONEOS_DEPLOYMENT_TARGET = 14.1;
				MARKETING_VERSION = 1.0;
				PRODUCT_BUNDLE_IDENTIFIER = com.megabreezy.iosAppTests;
				PRODUCT_NAME = "$(TARGET_NAME)";
				SWIFT_EMIT_LOC_STRINGS = NO;
				SWIFT_VERSION = 5.0;
				TARGETED_DEVICE_FAMILY = "1,2";
				TEST_HOST = "$(BUILT_PRODUCTS_DIR)/iosApp.app/$(BUNDLE_EXECUTABLE_FOLDER_PATH)/iosApp";
			};
			name = Release;
		};
/* End XCBuildConfiguration section */

/* Begin XCConfigurationList section */
		7555FF76242A565900829871 /* Build configuration list for PBXProject "iosApp" */ = {
			isa = XCConfigurationList;
			buildConfigurations = (
				7555FFA3242A565B00829871 /* Debug */,
				7555FFA4242A565B00829871 /* Release */,
			);
			defaultConfigurationIsVisible = 0;
			defaultConfigurationName = Release;
		};
		7555FFA5242A565B00829871 /* Build configuration list for PBXNativeTarget "iosApp" */ = {
			isa = XCConfigurationList;
			buildConfigurations = (
				7555FFA6242A565B00829871 /* Debug */,
				7555FFA7242A565B00829871 /* Release */,
			);
			defaultConfigurationIsVisible = 0;
			defaultConfigurationName = Release;
		};
		9D60985C2948B75C00F2D7C9 /* Build configuration list for PBXNativeTarget "iosAppTests" */ = {
			isa = XCConfigurationList;
			buildConfigurations = (
				9D60985A2948B75C00F2D7C9 /* Debug */,
				9D60985B2948B75C00F2D7C9 /* Release */,
			);
			defaultConfigurationIsVisible = 0;
			defaultConfigurationName = Release;
		};
/* End XCConfigurationList section */

/* Begin XCRemoteSwiftPackageReference section */
		9D8C9C272969BE0600761DA2 /* XCRemoteSwiftPackageReference "SwiftUIRouter" */ = {
			isa = XCRemoteSwiftPackageReference;
			repositoryURL = "https://github.com/frzi/SwiftUIRouter.git";
			requirement = {
				kind = upToNextMinorVersion;
				minimumVersion = 1.3.0;
			};
		};
		9D8C9C362969C42200761DA2 /* XCRemoteSwiftPackageReference "ViewInspector" */ = {
			isa = XCRemoteSwiftPackageReference;
			repositoryURL = "https://github.com/nalexn/ViewInspector";
			requirement = {
				kind = exactVersion;
				version = 0.9.3;
			};
		};
/* End XCRemoteSwiftPackageReference section */

/* Begin XCSwiftPackageProductDependency section */
		9D8C9C282969BE0600761DA2 /* SwiftUIRouter */ = {
			isa = XCSwiftPackageProductDependency;
			package = 9D8C9C272969BE0600761DA2 /* XCRemoteSwiftPackageReference "SwiftUIRouter" */;
			productName = SwiftUIRouter;
		};
		9D8C9C372969C42200761DA2 /* ViewInspector */ = {
			isa = XCSwiftPackageProductDependency;
			package = 9D8C9C362969C42200761DA2 /* XCRemoteSwiftPackageReference "ViewInspector" */;
			productName = ViewInspector;
		};
/* End XCSwiftPackageProductDependency section */
	};
	rootObject = 7555FF73242A565900829871 /* Project object */;
}
